{
  "name": "go-freecreate",
  "version": "1.0.0",
  "lockfileVersion": 3,
  "requires": true,
  "packages": {
    "": {
      "name": "go-freecreate",
      "version": "1.0.0",
      "license": "ISC",
      "dependencies": {
        "lexical": "^0.45.0"
      }
    },
    "node_modules/@lexical/internal": {
      "version": "0.45.0",
      "resolved": "https://registry.npmjs.org/@lexical/internal/-/internal-0.45.0.tgz",
      "integrity": "sha512-IhyzCdb1/xdpTtvK0xnqUXpaVRsD2KTZ6EMZpavm6dhKaglf1zorpdbH7r6Hjps6SRb4DCn/t7lac+GMdDFbXg==",
      "license": "MIT"
    },
    "node_modules/lexical": {
      "version": "0.45.0",
      "resolved": "https://registry.npmjs.org/lexical/-/lexical-0.45.0.tgz",
      "integrity": "sha512-z2M9C2ILPW7SopQE1aKbOFdZJbe3HvsrgWnJKveMDrSEvVjU9Hce4UpKVsAdkwY7TgY9RDuCV3+sfrGu0WkL+w==",
      "license": "MIT",
      "dependencies": {
        "@lexical/internal": "0.45.0"
      }
    }
  }
}
